// !$*UTF8*$!
{
	archiveVersion = 1;
	classes = {
	};
	objectVersion = 46;
	objects = {

/* Begin PBXBuildFile section */
		18BBDB3E1DBC03F700D29901 /* AppDelegate.swift in Sources */ = {isa = PBXBuildFile; fileRef = 18BBDB3D1DBC03F700D29901 /* AppDelegate.swift */; };
		18BBDB401DBC03F700D29901 /* ViewController.swift in Sources */ = {isa = PBXBuildFile; fileRef = 18BBDB3F1DBC03F700D29901 /* ViewController.swift */; };
		18BBDB431DBC03F700D29901 /* Main.storyboard in Resources */ = {isa = PBXBuildFile; fileRef = 18BBDB411DBC03F700D29901 /* Main.storyboard */; };
		18BBDB451DBC03F700D29901 /* Assets.xcassets in Resources */ = {isa = PBXBuildFile; fileRef = 18BBDB441DBC03F700D29901 /* Assets.xcassets */; };
		18BBDB481DBC03F700D29901 /* LaunchScreen.storyboard in Resources */ = {isa = PBXBuildFile; fileRef = 18BBDB461DBC03F700D29901 /* LaunchScreen.storyboard */; };
/* End PBXBuildFile section */

/* Begin PBXFileReference section */
		18BBDB3A1DBC03F700D29901 /* POSTTest.app */ = {isa = PBXFileReference; explicitFileType = wrapper.application; includeInIndex = 0; path = POSTTest.app; sourceTree = BUILT_PRODUCTS_DIR; };
		18BBDB3D1DBC03F700D29901 /* AppDelegate.swift */ = {isa = PBXFileReference; lastKnownFileType = sourcecode.swift; path = AppDelegate.swift; sourceTree = "<group>"; };
		18BBDB3F1DBC03F700D29901 /* ViewController.swift */ = {isa = PBXFileReference; lastKnownFileType = sourcecode.swift; path = ViewController.swift; sourceTree = "<group>"; };
		18BBDB421DBC03F700D29901 /* Base */ = {isa = PBXFileReference; lastKnownFileType = file.storyboard; name = Base; path = Base.lproj/Main.storyboard; sourceTree = "<group>"; };
		18BBDB441DBC03F700D29901 /* Assets.xcassets */ = {isa = PBXFileReference; lastKnownFileType = folder.assetcatalog; path = Assets.xcassets; sourceTree = "<group>"; };
		18BBDB471DBC03F700D29901 /* Base */ = {isa = PBXFileReference; lastKnownFileType = file.storyboard; name = Base; path = Base.lproj/LaunchScreen.storyboard; sourceTree = "<group>"; };
		18BBDB491DBC03F700D29901 /* Info.plist */ = {isa = PBXFileReference; lastKnownFileType = text.plist.xml; path = Info.plist; sourceTree = "<group>"; };
/* End PBXFileReference section */

/* Begin PBXFrameworksBuildPhase section */
		18BBDB371DBC03F600D29901 /* Frameworks */ = {
			isa = PBXFrameworksBuildPhase;
			buildActionMask = 2147483647;
			files = (
			);
			runOnlyForDeploymentPostprocessing = 0;
		};
/* End PBXFrameworksBuildPhase section */

/* Begin PBXGroup section */
		18BBDB311DBC03F600D29901 = {
			isa = PBXGroup;
			children = (
				18BBDB3C1DBC03F700D29901 /* POSTTest */,
				18BBDB3B1DBC03F700D29901 /* Products */,
			);
			sourceTree = "<group>";
		};
		18BBDB3B1DBC03F700D29901 /* Products */ = {
			isa = PBXGroup;
			children = (
				18BBDB3A1DBC03F700D29901 /* POSTTest.app */,
			);
			name = Products;
			sourceTree = "<group>";
		};
		18BBDB3C1DBC03F700D29901 /* POSTTest */ = {
			isa = PBXGroup;
			children = (
				18BBDB3D1DBC03F700D29901 /* AppDelegate.swift */,
				18BBDB3F1DBC03F700D29901 /* ViewController.swift */,
				18BBDB411DBC03F700D29901 /* Main.storyboard */,
				18BBDB441DBC03F700D29901 /* Assets.xcassets */,
				18BBDB461DBC03F700D29901 /* LaunchScreen.storyboard */,
				18BBDB491DBC03F700D29901 /* Info.plist */,
			);
			path = POSTTest;
			sourceTree = "<group>";
		};
/* End PBXGroup section */

/* Begin PBXNativeTarget section */
		18BBDB391DBC03F600D29901 /* POSTTest */ = {
			isa = PBXNativeTarget;
			buildConfigurationList = 18BBDB4C1DBC03F700D29901 /* Build configuration list for PBXNativeTarget "POSTTest" */;
			buildPhases = (
				18BBDB361DBC03F600D29901 /* Sources */,
				18BBDB371DBC03F600D29901 /* Frameworks */,
				18BBDB381DBC03F600D29901 /* Resources */,
			);
			buildRules = (
			);
			dependencies = (
			);
			name = POSTTest;
			productName = POSTTest;
			productReference = 18BBDB3A1DBC03F700D29901 /* POSTTest.app */;
			productType = "com.apple.product-type.application";
		};
/* End PBXNativeTarget section */

/* Begin PBXProject section */
		18BBDB321DBC03F600D29901 /* Project object */ = {
			isa = PBXProject;
			attributes = {
				LastSwiftUpdateCheck = 0800;
				LastUpgradeCheck = 0800;
				ORGANIZATIONNAME = "ComarPers 922";
				TargetAttributes = {
					18BBDB391DBC03F600D29901 = {
						CreatedOnToolsVersion = 8.0;
						DevelopmentTeam = FH5Z5UX5UM;
						ProvisioningStyle = Automatic;
					};
				};
			};
			buildConfigurationList = 18BBDB351DBC03F600D29901 /* Build configuration list for PBXProject "POSTTest" */;
			compatibilityVersion = "Xcode 3.2";
			developmentRegion = English;
			hasScannedForEncodings = 0;
			knownRegions = (
				en,
				Base,
			);
			mainGroup = 18BBDB311DBC03F600D29901;
			productRefGroup = 18BBDB3B1DBC03F700D29901 /* Products */;
			projectDirPath = "";
			projectRoot = "";
			targets = (
				18BBDB391DBC03F600D29901 /* POSTTest */,
			);
		};
/* End PBXProject section */

/* Begin PBXResourcesBuildPhase section */
		18BBDB381DBC03F600D29901 /* Resources */ = {
			isa = PBXResourcesBuildPhase;
			buildActionMask = 2147483647;
			files = (
				18BBDB481DBC03F700D29901 /* LaunchScreen.storyboard in Resources */,
				18BBDB451DBC03F700D29901 /* Assets.xcassets in Resources */,
				18BBDB431DBC03F700D29901 /* Main.storyboard in Resources */,
			);
			runOnlyForDeploymentPostprocessing = 0;
		};
/* End PBXResourcesBuildPhase section */

/* Begin PBXSourcesBuildPhase section */
		18BBDB361DBC03F600D29901 /* Sources */ = {
			isa = PBXSourcesBuildPhase;
			buildActionMask = 2147483647;
			files = (
				18BBDB401DBC03F700D29901 /* ViewController.swift in Sources */,
				18BBDB3E1DBC03F700D29901 /* AppDelegate.swift in Sources */,
			);
			runOnlyForDeploymentPostprocessing = 0;
		};
/* End PBXSourcesBuildPhase section */

/* Begin PBXVariantGroup section */
		18BBDB411DBC03F700D29901 /* Main.storyboard */ = {
			isa = PBXVariantGroup;
			children = (
				18BBDB421DBC03F700D29901 /* Base */,
			);
			name = Main.storyboard;
			sourceTree = "<group>";
		};
		18BBDB461DBC03F700D29901 /* LaunchScreen.storyboard */ = {
			isa = PBXVariantGroup;
			children = (
				18BBDB471DBC03F700D29901 /* Base */,
			);
			name = LaunchScreen.storyboard;
			sourceTree = "<group>";
		};
/* End PBXVariantGroup section */

/* Begin XCBuildConfiguration section */
		18BBDB4A1DBC03F700D29901 /* Debug */ = {
			isa = XCBuildConfiguration;
			buildSettings = {
				ALWAYS_SEARCH_USER_PATHS = NO;
				CLANG_ANALYZER_NONNULL = YES;
				CLANG_CXX_LANGUAGE_STANDARD = "gnu++0x";
				CLANG_CXX_LIBRARY = "libc++";
				CLANG_ENABLE_MODULES = YES;
				CLANG_ENABLE_OBJC_ARC = YES;
				CLANG_WARN_BOOL_CONVERSION = YES;
				CLANG_WARN_CONSTANT_CONVERSION = YES;
				CLANG_WARN_DIRECT_OBJC_ISA_USAGE = YES_ERROR;
				CLANG_WARN_DOCUMENTATION_COMMENTS = YES;
				CLANG_WARN_EMPTY_BODY = YES;
				CLANG_WARN_ENUM_CONVERSION = YES;
				CLANG_WARN_INFINITE_RECURSION = YES;
				CLANG_WARN_INT_CONVERSION = YES;
				CLANG_WARN_OBJC_ROOT_CLASS = YES_ERROR;
				CLANG_WARN_SUSPICIOUS_MOVES = YES;
				CLANG_WARN_UNREACHABLE_CODE = YES;
				CLANG_WARN__DUPLICATE_METHOD_MATCH = YES;
				"CODE_SIGN_IDENTITY[sdk=iphoneos*]" = "iPhone Developer";
				COPY_PHASE_STRIP = NO;
				DEBUG_INFORMATION_FORMAT = dwarf;
				ENABLE_STRICT_OBJC_MSGSEND = YES;
				ENABLE_TESTABILITY = YES;
				GCC_C_LANGUAGE_STANDARD = gnu99;
				GCC_DYNAMIC_NO_PIC = NO;
				GCC_NO_COMMON_BLOCKS = YES;
				GCC_OPTIMIZATION_LEVEL = 0;
				GCC_PREPROCESSOR_DEFINITIONS = (
					"DEBUG=1",
					"$(inherited)",
				);
				GCC_WARN_64_TO_32_BIT_CONVERSION = YES;
				GCC_WARN_ABOUT_RETURN_TYPE = YES_ERROR;
				GCC_WARN_UNDECLARED_SELECTOR = YES;
				GCC_WARN_UNINITIALIZED_AUTOS = YES_AGGRESSIVE;
				GCC_WARN_UNUSED_FUNCTION = YES;
				GCC_WARN_UNUSED_VARIABLE = YES;
				IPHONEOS_DEPLOYMENT_TARGET = 10.0;
				MTL_ENABLE_DEBUG_INFO = YES;
				ONLY_ACTIVE_ARCH = YES;
				SDKROOT = iphoneos;
				SWIFT_ACTIVE_COMPILATION_CONDITIONS = DEBUG;
				SWIFT_OPTIMIZATION_LEVEL = "-Onone";
				TARGETED_DEVICE_FAMILY = "1,2";
			};
			name = Debug;
		};
		18BBDB4B1DBC03F700D29901 /* Release */ = {
			isa = XCBuildConfiguration;
			buildSettings = {
				ALWAYS_SEARCH_USER_PATHS = NO;
				CLANG_ANALYZER_NONNULL = YES;
				CLANG_CXX_LANGUAGE_STANDARD = "gnu++0x";
				CLANG_CXX_LIBRARY = "libc++";
				CLANG_ENABLE_MODULES = YES;
				CLANG_ENABLE_OBJC_ARC = YES;
				CLANG_WARN_BOOL_CONVERSION = YES;
				CLANG_WARN_CONSTANT_CONVERSION = YES;
				CLANG_WARN_DIRECT_OBJC_ISA_USAGE = YES_ERROR;
				CLANG_WARN_DOCUMENTATION_COMMENTS = YES;
				CLANG_WARN_EMPTY_BODY = YES;
				CLANG_WARN_ENUM_CONVERSION = YES;
				CLANG_WARN_INFINITE_RECURSION = YES;
				CLANG_WARN_INT_CONVERSION = YES;
				CLANG_WARN_OBJC_ROOT_CLASS = YES_ERROR;
				CLANG_WARN_SUSPICIOUS_MOVES = YES;
				CLANG_WARN_UNREACHABLE_CODE = YES;
				CLANG_WARN__DUPLICATE_METHOD_MATCH = YES;
				"CODE_SIGN_IDENTITY[sdk=iphoneos*]" = "iPhone Developer";
				COPY_PHASE_STRIP = NO;
				DEBUG_INFORMATION_FORMAT = "dwarf-with-dsym";
				ENABLE_NS_ASSERTIONS = NO;
				ENABLE_STRICT_OBJC_MSGSEND = YES;
				GCC_C_LANGUAGE_STANDARD = gnu99;
				GCC_NO_COMMON_BLOCKS = YES;
				GCC_WARN_64_TO_32_BIT_CONVERSION = YES;
				GCC_WARN_ABOUT_RETURN_TYPE = YES_ERROR;
				GCC_WARN_UNDECLARED_SELECTOR = YES;
				GCC_WARN_UNINITIALIZED_AUTOS = YES_AGGRESSIVE;
				GCC_WARN_UNUSED_FUNCTION = YES;
				GCC_WARN_UNUSED_VARIABLE = YES;
				IPHONEOS_DEPLOYMENT_TARGET = 10.0;
				MTL_ENABLE_DEBUG_INFO = NO;
				SDKROOT = iphoneos;
				SWIFT_OPTIMIZATION_LEVEL = "-Owholemodule";
				TARGETED_DEVICE_FAMILY = "1,2";
				VALIDATE_PRODUCT = YES;
			};
			name = Release;
		};
		18BBDB4D1DBC03F700D29901 /* Debug */ = {
			isa = XCBuildConfiguration;
			buildSettings = {
				ASSETCATALOG_COMPILER_APPICON_NAME = AppIcon;
				DEVELOPMENT_TEAM = FH5Z5UX5UM;
				INFOPLIST_FILE = POSTTest/Info.plist;
				LD_RUNPATH_SEARCH_PATHS = "$(inherited) @executable_path/Frameworks";
				PRODUCT_BUNDLE_IDENTIFIER = net.aifast.POSTTest;
				PRODUCT_NAME = "$(TARGET_NAME)";
				SWIFT_VERSION = 3.0;
			};
			name = Debug;
		};
		18BBDB4E1DBC03F700D29901 /* Release */ = {
			isa = XCBuildConfiguration;
			buildSettings = {
				ASSETCATALOG_COMPILER_APPICON_NAME = AppIcon;
				DEVELOPMENT_TEAM = FH5Z5UX5UM;
				INFOPLIST_FILE = POSTTest/Info.plist;
				LD_RUNPATH_SEARCH_PATHS = "$(inherited) @executable_path/Frameworks";
				PRODUCT_BUNDLE_IDENTIFIER = net.aifast.POSTTest;
				PRODUCT_NAME = "$(TARGET_NAME)";
				SWIFT_VERSION = 3.0;
			};
			name = Release;
		};
/* End XCBuildConfiguration section */

/* Begin XCConfigurationList section */
		18BBDB351DBC03F600D29901 /* Build configuration list for PBXProject "POSTTest" */ = {
			isa = XCConfigurationList;
			buildConfigurations = (
				18BBDB4A1DBC03F700D29901 /* Debug */,
				18BBDB4B1DBC03F700D29901 /* Release */,
			);
			defaultConfigurationIsVisible = 0;
			defaultConfigurationName = Release;
		};
		18BBDB4C1DBC03F700D29901 /* Build configuration list for PBXNativeTarget "POSTTest" */ = {
			isa = XCConfigurationList;
			buildConfigurations = (
				18BBDB4D1DBC03F700D29901 /* Debug */,
				18BBDB4E1DBC03F700D29901 /* Release */,
			);
			defaultConfigurationIsVisible = 0;
		};
/* End XCConfigurationList section */
	};
	rootObject = 18BBDB321DBC03F600D29901 /* Project object */;
}
